
Microsoft Visual Studio Solution File, Format Version 11.00
# Visual Studio 2010
Project("{FAE04EC0-301F-11D3-BF4B-00C04F79EFBC}") = "fsx_relay_console", "fsx_relay_console\fsx_relay_console.csproj", "{1620C9F0-F345-4351-96D7-F136E3ADB29E}"
EndProject
Global
	GlobalSection(SolutionConfigurationPlatforms) = preSolution
		Debug|x86 = Debug|x86
		Release|x86 = Release|x86
	EndGlobalSection
	GlobalSection(ProjectConfigurationPlatforms) = postSolution
		{1620C9F0-F345-4351-96D7-F136E3ADB29E}.Debug|x86.ActiveCfg = Debug|x86
		{1620C9F0-F345-4351-96D7-F136E3ADB29E}.Debug|x86.Build.0 = Debug|x86
		{1620C9F0-F345-4351-96D7-F136E3ADB29E}.Release|x86.ActiveCfg = Release|x86
		{1620C9F0-F345-4351-96D7-F136E3ADB29E}.Release|x86.Build.0 = Release|x86
	EndGlobalSection
	GlobalSection(SolutionProperties) = preSolution
		HideSolutionNode = FALSE
	EndGlobalSection
EndGlobal
